
Microsoft Visual Studio Solution File, Format Version 12.00
# Visual Studio 15
VisualStudioVersion = 15.0.28010.2046
MinimumVisualStudioVersion = 10.0.40219.1
Project("{9A19103F-16F7-4668-BE54-9A1E7A4F7556}") = "SistemaEncomiendas", "SistemaEncomiendas\SistemaEncomiendas.csproj", "{508EE752-8A14-4967-A9C2-BFCBACFA5934}"
EndProject
Project("{FAE04EC0-301F-11D3-BF4B-00C04F79EFBC}") = "SistemaEncomiendas.Core", "SistemaEncomiendas.Core\SistemaEncomiendas.Core.csproj", "{955F1E25-DD29-4AA0-B1F1-112E0874067D}"
EndProject
Project("{FAE04EC0-301F-11D3-BF4B-00C04F79EFBC}") = "SistemaEncomiendas.Data", "SistemaEncomiendas.Data\SistemaEncomiendas.Data.csproj", "{51A11A79-7B51-44AD-A8DA-2E78AB37EE0D}"
EndProject
Project("{FAE04EC0-301F-11D3-BF4B-00C04F79EFBC}") = "SistemaEncomiendas.Services", "SistemaEncomiendas.Services\SistemaEncomiendas.Services.csproj", "{A1F87858-DD8A-4AF3-BFE6-6E2B784A3EAC}"
EndProject
Global
	GlobalSection(SolutionConfigurationPlatforms) = preSolution
		Debug|Any CPU = Debug|Any CPU
		Release|Any CPU = Release|Any CPU
	EndGlobalSection
	GlobalSection(ProjectConfigurationPlatforms) = postSolution
		{508EE752-8A14-4967-A9C2-BFCBACFA5934}.Debug|Any CPU.ActiveCfg = Debug|Any CPU
		{508EE752-8A14-4967-A9C2-BFCBACFA5934}.Debug|Any CPU.Build.0 = Debug|Any CPU
		{508EE752-8A14-4967-A9C2-BFCBACFA5934}.Release|Any CPU.ActiveCfg = Release|Any CPU
		{508EE752-8A14-4967-A9C2-BFCBACFA5934}.Release|Any CPU.Build.0 = Release|Any CPU
		{955F1E25-DD29-4AA0-B1F1-112E0874067D}.Debug|Any CPU.ActiveCfg = Debug|Any CPU
		{955F1E25-DD29-4AA0-B1F1-112E0874067D}.Debug|Any CPU.Build.0 = Debug|Any CPU
		{955F1E25-DD29-4AA0-B1F1-112E0874067D}.Release|Any CPU.ActiveCfg = Release|Any CPU
		{955F1E25-DD29-4AA0-B1F1-112E0874067D}.Release|Any CPU.Build.0 = Release|Any CPU
		{51A11A79-7B51-44AD-A8DA-2E78AB37EE0D}.Debug|Any CPU.ActiveCfg = Debug|Any CPU
		{51A11A79-7B51-44AD-A8DA-2E78AB37EE0D}.Debug|Any CPU.Build.0 = Debug|Any CPU
		{51A11A79-7B51-44AD-A8DA-2E78AB37EE0D}.Release|Any CPU.ActiveCfg = Release|Any CPU
		{51A11A79-7B51-44AD-A8DA-2E78AB37EE0D}.Release|Any CPU.Build.0 = Release|Any CPU
		{A1F87858-DD8A-4AF3-BFE6-6E2B784A3EAC}.Debug|Any CPU.ActiveCfg = Debug|Any CPU
		{A1F87858-DD8A-4AF3-BFE6-6E2B784A3EAC}.Debug|Any CPU.Build.0 = Debug|Any CPU
		{A1F87858-DD8A-4AF3-BFE6-6E2B784A3EAC}.Release|Any CPU.ActiveCfg = Release|Any CPU
		{A1F87858-DD8A-4AF3-BFE6-6E2B784A3EAC}.Release|Any CPU.Build.0 = Release|Any CPU
	EndGlobalSection
	GlobalSection(SolutionProperties) = preSolution
		HideSolutionNode = FALSE
	EndGlobalSection
	GlobalSection(ExtensibilityGlobals) = postSolution
		SolutionGuid = {0955B350-0987-4C66-8724-EFDB7D640DA6}
	EndGlobalSection
EndGlobal
